
Microsoft Visual Studio Solution File, Format Version 12.00
# Visual Studio Version 17
VisualStudioVersion = 17.6.33815.320
MinimumVisualStudioVersion = 10.0.40219.1
Project("{FAE04EC0-301F-11D3-BF4B-00C04F79EFBC}") = "PROG7312-AthenaeumGuru-ST10082074", "PROG7312-AthenaeumGuru-ST10082074\PROG7312-AthenaeumGuru-ST10082074.csproj", "{4919076B-7A25-4CC3-B03E-B3FE836A2544}"
EndProject
Global
	GlobalSection(SolutionConfigurationPlatforms) = preSolution
		Debug|Any CPU = Debug|Any CPU
		Release|Any CPU = Release|Any CPU
	EndGlobalSection
	GlobalSection(ProjectConfigurationPlatforms) = postSolution
		{4919076B-7A25-4CC3-B03E-B3FE836A2544}.Debug|Any CPU.ActiveCfg = Debug|Any CPU
		{4919076B-7A25-4CC3-B03E-B3FE836A2544}.Debug|Any CPU.Build.0 = Debug|Any CPU
		{4919076B-7A25-4CC3-B03E-B3FE836A2544}.Release|Any CPU.ActiveCfg = Release|Any CPU
		{4919076B-7A25-4CC3-B03E-B3FE836A2544}.Release|Any CPU.Build.0 = Release|Any CPU
	EndGlobalSection
	GlobalSection(SolutionProperties) = preSolution
		HideSolutionNode = FALSE
	EndGlobalSection
	GlobalSection(ExtensibilityGlobals) = postSolution
		SolutionGuid = {A541D2FA-A2A7-45A1-821C-2BF019B7142C}
	EndGlobalSection
EndGlobal
